<?xml version="1.0" encoding="utf-8"?>
<Project ToolsVersion="4.0" xmlns="http://schemas.microsoft.com/developer/msbuild/2003">
  <ItemGroup>
    <Filter Include="Source Files">
      <UniqueIdentifier>{4FC737F1-C7A5-4376-A066-2A32D752A2FF}</UniqueIdentifier>
      <Extensions>cpp;c;cc;cxx;def;odl;idl;hpj;bat;asm;asmx</Extensions>
    </Filter>
    <Filter Include="Header Files">
      <UniqueIdentifier>{93995380-89BD-4b04-88EB-625FBE52EBFB}</UniqueIdentifier>
      <Extensions>h;hh;hpp;hxx;hm;inl;inc;xsd</Extensions>
    </Filter>
    <Filter Include="Resource Files">
      <UniqueIdentifier>{67DA6AB6-F800-4c08-8B7A-83BB121AAD01}</UniqueIdentifier>
      <Extensions>rc;ico;cur;bmp;dlg;rc2;rct;bin;rgs;gif;jpg;jpeg;jpe;resx;tiff;tif;png;wav;mfcribbon-ms</Extensions>
    </Filter>
    <Filter Include="Header Files\Components">
      <UniqueIdentifier>{bb800a54-0df7-4184-91fb-f816cb20c7a9}</UniqueIdentifier>
    </Filter>
    <Filter Include="Source Files\Components">
      <UniqueIdentifier>{d837a1ac-9a4c-435a-a439-efe66158ab77}</UniqueIdentifier>
    </Filter>
    <Filter Include="Header Files\LAZERZGAME">
      <UniqueIdentifier>{77facb8a-1db7-4539-b130-cf0f55b9aeb8}</UniqueIdentifier>
    </Filter>
  </ItemGroup>
  <ItemGroup>
    <ClInclude Include="AABBPlaneGame.h">
      <Filter>Header Files</Filter>
    </ClInclude>
    <ClInclude Include="Menu.h">
      <Filter>Header Files</Filter>
    </ClInclude>
    <ClInclude Include="AABBGame.h">
      <Filter>Header Files</Filter>
    </ClInclude>
    <ClInclude Include="States.h">
      <Filter>Header Files</Filter>
    </ClInclude>
    <ClInclude Include="SplashPage.h">
      <Filter>Header Files</Filter>
    </ClInclude>
    <ClInclude Include="NGonGame.h">
      <Filter>Header Files</Filter>
    </ClInclude>
    <ClInclude Include="Button.h">
      <Filter>Header Files</Filter>
    </ClInclude>
    <ClInclude Include="ApplicationEndPage.h">
      <Filter>Header Files</Filter>
    </ClInclude>
    <ClInclude Include="Math_Library\Test.h">
      <Filter>Header Files</Filter>
    </ClInclude>
    <ClInclude Include="Camera.h">
      <Filter>Header Files\Components</Filter>
    </ClInclude>
    <ClInclude Include="Collider.h">
      <Filter>Header Files\Components</Filter>
    </ClInclude>
    <ClInclude Include="Collision.h">
      <Filter>Header Files\Components</Filter>
    </ClInclude>
    <ClInclude Include="Math_Library\Flops.h">
      <Filter>Header Files\Components</Filter>
    </ClInclude>
    <ClInclude Include="Math_Library\Mat2.h">
      <Filter>Header Files\Components</Filter>
    </ClInclude>
    <ClInclude Include="Math_Library\Mat3.h">
      <Filter>Header Files\Components</Filter>
    </ClInclude>
    <ClInclude Include="PlanetMotor.h">
      <Filter>Header Files\Components</Filter>
    </ClInclude>
    <ClInclude Include="PlanetRenderer.h">
      <Filter>Header Files\Components</Filter>
    </ClInclude>
    <ClInclude Include="PlayerTransform.h">
      <Filter>Header Files\Components</Filter>
    </ClInclude>
    <ClInclude Include="RigidBody.h">
      <Filter>Header Files\Components</Filter>
    </ClInclude>
    <ClInclude Include="sfwdraw.h">
      <Filter>Header Files\Components</Filter>
    </ClInclude>
    <ClInclude Include="ShapeDraw.h">
      <Filter>Header Files\Components</Filter>
    </ClInclude>
    <ClInclude Include="Shapes.h">
      <Filter>Header Files\Components</Filter>
    </ClInclude>
    <ClInclude Include="SpaceshipLocomotion.h">
      <Filter>Header Files\Components</Filter>
    </ClInclude>
    <ClInclude Include="SpaceShipRenderer.h">
      <Filter>Header Files\Components</Filter>
    </ClInclude>
    <ClInclude Include="Transform.h">
      <Filter>Header Files\Components</Filter>
    </ClInclude>
    <ClInclude Include="Math_Library\Vec2.h">
      <Filter>Header Files\Components</Filter>
    </ClInclude>
    <ClInclude Include="Math_Library\Vec3.h">
      <Filter>Header Files\Components</Filter>
    </ClInclude>
    <ClInclude Include="LAZERZMAIN.h">
      <Filter>Header Files\LAZERZGAME</Filter>
    </ClInclude>
    <ClInclude Include="LAZERZLEVEL.h">
      <Filter>Header Files\LAZERZGAME</Filter>
    </ClInclude>
    <ClInclude Include="LAZERZMENU.h">
      <Filter>Header Files\LAZERZGAME</Filter>
    </ClInclude>
  </ItemGroup>
  <ItemGroup>
    <ClCompile Include="Main.cpp">
      <Filter>Source Files</Filter>
    </ClCompile>
    <ClCompile Include="Camera.cpp">
      <Filter>Source Files\Components</Filter>
    </ClCompile>
    <ClCompile Include="Collider.cpp">
      <Filter>Source Files\Components</Filter>
    </ClCompile>
    <ClCompile Include="Collision.cpp">
      <Filter>Source Files\Components</Filter>
    </ClCompile>
    <ClCompile Include="Math_Library\Mat2.cpp">
      <Filter>Source Files\Components</Filter>
    </ClCompile>
    <ClCompile Include="Math_Library\Mat3.cpp">
      <Filter>Source Files\Components</Filter>
    </ClCompile>
    <ClCompile Include="PlanetMotor.cpp">
      <Filter>Source Files\Components</Filter>
    </ClCompile>
    <ClCompile Include="PlanetRenderer.cpp">
      <Filter>Source Files\Components</Filter>
    </ClCompile>
    <ClCompile Include="RigidBody.cpp">
      <Filter>Source Files\Components</Filter>
    </ClCompile>
    <ClCompile Include="ShapeDraw.cpp">
      <Filter>Source Files\Components</Filter>
    </ClCompile>
    <ClCompile Include="Shapes.cpp">
      <Filter>Source Files\Components</Filter>
    </ClCompile>
    <ClCompile Include="SpaceshipController.cpp">
      <Filter>Source Files\Components</Filter>
    </ClCompile>
    <ClCompile Include="SpaceshipLocomotion.cpp">
      <Filter>Source Files\Components</Filter>
    </ClCompile>
    <ClCompile Include="SpaceshipRenderer.cpp">
      <Filter>Source Files\Components</Filter>
    </ClCompile>
    <ClCompile Include="Math_Library\Test.cpp">
      <Filter>Source Files\Components</Filter>
    </ClCompile>
    <ClCompile Include="Transform.cpp">
      <Filter>Source Files\Components</Filter>
    </ClCompile>
    <ClCompile Include="Math_Library\Vec2.cpp">
      <Filter>Source Files\Components</Filter>
    </ClCompile>
    <ClCompile Include="Math_Library\Vec3.cpp">
      <Filter>Source Files\Components</Filter>
    </ClCompile>
  </ItemGroup>
</Project>